
Microsoft Visual Studio Solution File, Format Version 12.00
# Visual Studio Version 17
VisualStudioVersion = 17.7.34031.279
MinimumVisualStudioVersion = 10.0.40219.1
Project("{FAE04EC0-301F-11D3-BF4B-00C04F79EFBC}") = "TesteEsig", "TesteEsig.csproj", "{AD815DF7-5812-4E19-AF13-AEA376BE75C2}"
EndProject
Global
	GlobalSection(SolutionConfigurationPlatforms) = preSolution
		Debug|Any CPU = Debug|Any CPU
		Release|Any CPU = Release|Any CPU
	EndGlobalSection
	GlobalSection(ProjectConfigurationPlatforms) = postSolution
		{AD815DF7-5812-4E19-AF13-AEA376BE75C2}.Debug|Any CPU.ActiveCfg = Debug|Any CPU
		{AD815DF7-5812-4E19-AF13-AEA376BE75C2}.Debug|Any CPU.Build.0 = Debug|Any CPU
		{AD815DF7-5812-4E19-AF13-AEA376BE75C2}.Release|Any CPU.ActiveCfg = Release|Any CPU
		{AD815DF7-5812-4E19-AF13-AEA376BE75C2}.Release|Any CPU.Build.0 = Release|Any CPU
	EndGlobalSection
	GlobalSection(SolutionProperties) = preSolution
		HideSolutionNode = FALSE
	EndGlobalSection
	GlobalSection(ExtensibilityGlobals) = postSolution
		SolutionGuid = {C898710A-BFA1-4311-987A-3891A483B171}
	EndGlobalSection
EndGlobal
